
Microsoft Visual Studio Solution File, Format Version 12.00
# Visual Studio Version 17
VisualStudioVersion = 17.10.34916.146
MinimumVisualStudioVersion = 10.0.40219.1
Project("{FAE04EC0-301F-11D3-BF4B-00C04F79EFBC}") = "Practica_V2", "Practica_V2.csproj", "{FB0FDDF4-B956-4E5D-B6AB-F31FB2F9E38F}"
EndProject
Global
	GlobalSection(SolutionConfigurationPlatforms) = preSolution
		Debug|Any CPU = Debug|Any CPU
		Release|Any CPU = Release|Any CPU
	EndGlobalSection
	GlobalSection(ProjectConfigurationPlatforms) = postSolution
		{FB0FDDF4-B956-4E5D-B6AB-F31FB2F9E38F}.Debug|Any CPU.ActiveCfg = Debug|Any CPU
		{FB0FDDF4-B956-4E5D-B6AB-F31FB2F9E38F}.Debug|Any CPU.Build.0 = Debug|Any CPU
		{FB0FDDF4-B956-4E5D-B6AB-F31FB2F9E38F}.Release|Any CPU.ActiveCfg = Release|Any CPU
		{FB0FDDF4-B956-4E5D-B6AB-F31FB2F9E38F}.Release|Any CPU.Build.0 = Release|Any CPU
	EndGlobalSection
	GlobalSection(SolutionProperties) = preSolution
		HideSolutionNode = FALSE
	EndGlobalSection
	GlobalSection(ExtensibilityGlobals) = postSolution
		SolutionGuid = {4FFD33D3-15E4-43CC-ABAD-AB7DFCFBD874}
	EndGlobalSection
EndGlobal
